# This file is automatically @generated by Poetry and should not be changed by hand.

[[package]]
name = "attrs"
version = "23.1.0"
description = "Classes Without Boilerplate"
category = "main"
optional = false
python-versions = ">=3.7"
files = [
    {file = "attrs-23.1.0-py3-none-any.whl", hash = "sha256:1f28b4522cdc2fb4256ac1a020c78acf9cba2c6b461ccd2c126f3aa8e8335d04"},
    {file = "attrs-23.1.0.tar.gz", hash = "sha256:6279836d581513a26f1bf235f9acd333bc9115683f14f7e8fae46c98fc50e015"},
]

[package.extras]
cov = ["attrs[tests]", "coverage[toml] (>=5.3)"]
dev = ["attrs[docs,tests]", "pre-commit"]
docs = ["furo", "myst-parser", "sphinx", "sphinx-notfound-page", "sphinxcontrib-towncrier", "towncrier", "zope-interface"]
tests = ["attrs[tests-no-zope]", "zope-interface"]
tests-no-zope = ["cloudpickle", "hypothesis", "mypy (>=1.1.1)", "pympler", "pytest (>=4.3.0)", "pytest-mypy-plugins", "pytest-xdist[psutil]"]

[[package]]
name = "autopep8"
version = "2.0.2"
description = "A tool that automatically formats Python code to conform to the PEP 8 style guide"
category = "dev"
optional = false
python-versions = ">=3.6"
files = [
    {file = "autopep8-2.0.2-py2.py3-none-any.whl", hash = "sha256:86e9303b5e5c8160872b2f5ef611161b2893e9bfe8ccc7e2f76385947d57a2f1"},
    {file = "autopep8-2.0.2.tar.gz", hash = "sha256:f9849cdd62108cb739dbcdbfb7fdcc9a30d1b63c4cc3e1c1f893b5360941b61c"},
]

[package.dependencies]
pycodestyle = ">=2.10.0"

[[package]]
name = "colorama"
version = "0.4.6"
description = "Cross-platform colored terminal text."
category = "dev"
optional = false
python-versions = "!=3.0.*,!=3.1.*,!=3.2.*,!=3.3.*,!=3.4.*,!=3.5.*,!=3.6.*,>=2.7"
files = [
    {file = "colorama-0.4.6-py2.py3-none-any.whl", hash = "sha256:4f1d9991f5acc0ca119f9d443620b77f9d6b33703e51011c16baf57afb285fc6"},
    {file = "colorama-0.4.6.tar.gz", hash = "sha256:08695f5cb7ed6e0531a20572697297273c47b8cae5a63ffc6d6ed5c201be6e44"},
]

[[package]]
name = "datrie"
version = "0.8.2"
description = "Super-fast, efficiently stored Trie for Python."
category = "main"
optional = false
python-versions = ">=2.7, !=3.0.*, !=3.1.*, !=3.2.*, !=3.3.*"
files = [
    {file = "datrie-0.8.2-cp27-cp27m-macosx_10_7_x86_64.whl", hash = "sha256:53969643e2794c37f024d5edaa42d5e6e2627d9937ddcc18d99128e9df700e4c"},
    {file = "datrie-0.8.2-cp27-cp27m-manylinux1_x86_64.whl", hash = "sha256:6c9b333035312b79e6e9a10356d033e3d29aadbae6365007f706c854b3a94674"},
    {file = "datrie-0.8.2-cp27-cp27m-win32.whl", hash = "sha256:c783e2c1e28964b2b045a951eb9606833a188c4bd4a780da68d22f557e03e429"},
    {file = "datrie-0.8.2-cp27-cp27m-win_amd64.whl", hash = "sha256:f826e843138698501cbf1a21233f724b851b1e475fad532b638ac5904e115f10"},
    {file = "datrie-0.8.2-cp27-cp27mu-manylinux1_x86_64.whl", hash = "sha256:bf5c956c0a9a9d0f07e3c8923746279171096de18a8a51685e22d9817f8755a6"},
    {file = "datrie-0.8.2-cp34-cp34m-manylinux1_x86_64.whl", hash = "sha256:2de594d84a2f43a09ddc15316a8afd48aae0fdc456f9279d0940aa59c473d9d5"},
    {file = "datrie-0.8.2-cp35-cp35m-macosx_10_6_x86_64.whl", hash = "sha256:651c63325056347b86c5de7ffeea8529230a5787c61ee6dcabc5b6c644bd3252"},
    {file = "datrie-0.8.2-cp35-cp35m-manylinux1_x86_64.whl", hash = "sha256:0e3b76676abbae2368cce6bf605bb0ba7cfd11f2c420b96d67959f353d5d423f"},
    {file = "datrie-0.8.2-cp35-cp35m-win32.whl", hash = "sha256:3a3e360a765cc95410898dc222f8585ea1b1bba0538a1af4d8630a5bc3ad6ee7"},
    {file = "datrie-0.8.2-cp35-cp35m-win_amd64.whl", hash = "sha256:fa9f39ac88dc6286672b9dd286fe459646da48133c877a927af24803eaea441e"},
    {file = "datrie-0.8.2-cp36-cp36m-macosx_10_9_x86_64.whl", hash = "sha256:b6fd6c7c149b410a87d46072c1c98f6e87ec557802e1d0e09db7b858746e8550"},
    {file = "datrie-0.8.2-cp36-cp36m-manylinux1_x86_64.whl", hash = "sha256:327d9c17efaebc66d1956dca047b76fdd0e5b989d63cb55b9038ec09d8769089"},
    {file = "datrie-0.8.2-cp36-cp36m-win32.whl", hash = "sha256:ee7cd8470a982356e104e62148f2dbe2d3e17545cafaa3ada29f2548984f1e89"},
    {file = "datrie-0.8.2-cp36-cp36m-win_amd64.whl", hash = "sha256:31e316ba305cdd7b8a42f8e4af5a0a15a628aee270d2f392c41329a709eeda6d"},
    {file = "datrie-0.8.2-cp37-cp37m-macosx_10_9_x86_64.whl", hash = "sha256:dbe04704eb41b8440ca61416d3670ca6ddeea847d19731cf121889bac2962d07"},
    {file = "datrie-0.8.2-cp37-cp37m-manylinux1_x86_64.whl", hash = "sha256:e1d704ee4fdc03f02d7dacc4d92052dbd490dba551509fccfd8ee52c9039d4ad"},
    {file = "datrie-0.8.2-cp37-cp37m-win32.whl", hash = "sha256:25e9e07ecfceaef78d23bde8d7278e4d6f63e1e3dc5ac00ccb4bec3062f0a8e0"},
    {file = "datrie-0.8.2-cp37-cp37m-win_amd64.whl", hash = "sha256:bf9f34f7c63797219b32713b561c4f94e777ff6c22beecfcd6bdf6b6c25b8518"},
    {file = "datrie-0.8.2-cp38-cp38-macosx_10_9_x86_64.whl", hash = "sha256:e0582435a4adef1a2fce53aeedb656bf769b0f113b524f98be51d3e3d40720cb"},
    {file = "datrie-0.8.2-cp38-cp38-manylinux1_x86_64.whl", hash = "sha256:b2d80fa687173cb8f8bae224ef00d1ad6bda8f8597bbb1a63f85182c7d91aeb3"},
    {file = "datrie-0.8.2-cp38-cp38-win32.whl", hash = "sha256:67603594f5db5c0029b1cf86a08e89cde015fe64cf0c4ae4e539c61114396729"},
    {file = "datrie-0.8.2-cp38-cp38-win_amd64.whl", hash = "sha256:f61cf2726f04c08828bfb4e7af698b0b16bdf2777c3993d042f2898b8e118f21"},
    {file = "datrie-0.8.2-pp273-pypy_73-win32.whl", hash = "sha256:b07bd5fdfc3399a6dab86d6e35c72b1dbd598e80c97509c7c7518ab8774d3fda"},
    {file = "datrie-0.8.2-pp373-pypy36_pp73-win32.whl", hash = "sha256:89ff3d41df4f899387aa07b4b066f5da36e3a10b67b8aeae631c950502ff4503"},
    {file = "datrie-0.8.2.tar.gz", hash = "sha256:525b08f638d5cf6115df6ccd818e5a01298cd230b2dac91c8ff2e6499d18765d"},
]

[[package]]
name = "iniconfig"
version = "2.0.0"
description = "brain-dead simple config-ini parsing"
category = "dev"
optional = false
python-versions = ">=3.7"
files = [
    {file = "iniconfig-2.0.0-py3-none-any.whl", hash = "sha256:b6a85871a79d2e3b22d2d1b94ac2824226a63c6b741c88f7ae975f18b6778374"},
    {file = "iniconfig-2.0.0.tar.gz", hash = "sha256:2d91e135bf72d31a410b17c16da610a82cb55f6b0477d1a902134b24a455b8b3"},
]

[[package]]
name = "iso639-lang"
version = "2.1.0"
description = "A lightweight library for the ISO 639 standard."
category = "main"
optional = false
python-versions = ">=3.6"
files = [
    {file = "iso639-lang-2.1.0.tar.gz", hash = "sha256:8458e4b45bff6e8d449afc35ff9b5aaefb954400fe93a39f71c37e5b766e9856"},
    {file = "iso639_lang-2.1.0-py3-none-any.whl", hash = "sha256:abaa4df7aeee0368e6b2b62b149eded5b005a4fea1c1d16e606d4820dcc51cf6"},
]

[[package]]
name = "marisa-trie"
version = "0.8.0"
description = "Static memory-efficient and fast Trie-like structures for Python."
category = "main"
optional = false
python-versions = ">=2.7, !=3.0.*, !=3.1.*, !=3.2.*, !=3.3.*"
files = [
    {file = "marisa-trie-0.8.0.tar.gz", hash = "sha256:3d019d17b0d7f62d6e6d7bd05236d8252624ea1c140beb8bf9c6eeff38b3c707"},
    {file = "marisa_trie-0.8.0-cp310-cp310-macosx_10_9_universal2.whl", hash = "sha256:fb76cbb76a10231b6e7366a31a7eecfc742d32f8988ded0b5ae8b325c49ef103"},
    {file = "marisa_trie-0.8.0-cp310-cp310-macosx_10_9_x86_64.whl", hash = "sha256:0ac90d35eec78368f8ec42c45ab9f6ab0ccbd30ddf5e63f801cc62f03839b16b"},
    {file = "marisa_trie-0.8.0-cp310-cp310-macosx_11_0_arm64.whl", hash = "sha256:a74751c141f42b14a430d82f46e1523f73b1b73d7d90de6b0f0a7e22dd75976d"},
    {file = "marisa_trie-0.8.0-cp310-cp310-manylinux_2_17_x86_64.manylinux2014_x86_64.whl", hash = "sha256:ed65ffd42a28db0f4bae8618e2eac32ccd00068d39abecd7cf4ffc8dc6488295"},
    {file = "marisa_trie-0.8.0-cp310-cp310-manylinux_2_5_i686.manylinux1_i686.manylinux_2_17_i686.manylinux2014_i686.whl", hash = "sha256:68451447d201b8951efa141ca038b5cd2bebd7ad875dba3e5b325ec19f9b04ea"},
    {file = "marisa_trie-0.8.0-cp310-cp310-musllinux_1_1_i686.whl", hash = "sha256:75889b3dbe544f02d8e55ef4355f39df63643f83fc239ab5651c0356a2b82cc1"},
    {file = "marisa_trie-0.8.0-cp310-cp310-musllinux_1_1_x86_64.whl", hash = "sha256:5f97883f89e649b47ad22f6ca55a5931986c103a4c52e121101db28cebb9e5f7"},
    {file = "marisa_trie-0.8.0-cp310-cp310-win32.whl", hash = "sha256:dc6549c1a7bf743b3da992e2527a71a3251097cf451733c6d3038b03a96f6dcc"},
    {file = "marisa_trie-0.8.0-cp310-cp310-win_amd64.whl", hash = "sha256:31661a8d2094eeb8341cb660b53c33e4828032582dce3895db09567e48de2c52"},
    {file = "marisa_trie-0.8.0-cp311-cp311-macosx_10_9_universal2.whl", hash = "sha256:d305c7ffc912a806fcfcae70afd8dd3c6f915b453a611b70e0e768a8a793d296"},
    {file = "marisa_trie-0.8.0-cp311-cp311-macosx_10_9_x86_64.whl", hash = "sha256:713644ac3e7ef17adee5eeeb30fcd1bf86de14aa319fe1fe8e7dfad2505dc38a"},
    {file = "marisa_trie-0.8.0-cp311-cp311-macosx_11_0_arm64.whl", hash = "sha256:346cd9b0bf40385f8aee008d8c4962206962184673aea1631ee51b081c676250"},
    {file = "marisa_trie-0.8.0-cp311-cp311-manylinux_2_17_x86_64.manylinux2014_x86_64.whl", hash = "sha256:8e4ef47d20fe2a3b4c36c4ec88334d4661cadef4cda785de2386c4a1a9be9e0d"},
    {file = "marisa_trie-0.8.0-cp311-cp311-manylinux_2_5_i686.manylinux1_i686.manylinux_2_17_i686.manylinux2014_i686.whl", hash = "sha256:bdcffb4d5707ba02824989de120eac137c49639e67254e5d68d8a874e1153922"},
    {file = "marisa_trie-0.8.0-cp311-cp311-musllinux_1_1_i686.whl", hash = "sha256:00a8f62a6b371ec0a947f49cd960a9dee3ac43eb0c8cce7a4b2736bc20cb6c3d"},
    {file = "marisa_trie-0.8.0-cp311-cp311-musllinux_1_1_x86_64.whl", hash = "sha256:dea191db66c122db0660ae127ea6c8f4462886ad9b7525757097a87ee941c4ae"},
    {file = "marisa_trie-0.8.0-cp311-cp311-win32.whl", hash = "sha256:d2c20cb7ddf3c145bac0c7bf5c1bcf006054b7604a81487113971b44622cad5c"},
    {file = "marisa_trie-0.8.0-cp311-cp311-win_amd64.whl", hash = "sha256:99c2b536641dfb44d790eb4349e08ceb61e8c2876e376bc063013e5ecbb39619"},
    {file = "marisa_trie-0.8.0-cp36-cp36m-macosx_10_9_x86_64.whl", hash = "sha256:9e80a28bc6de8e6ba3449df55ff3c42ca9fd511ec829dd7774a0f1320f4a888b"},
    {file = "marisa_trie-0.8.0-cp36-cp36m-manylinux_2_17_x86_64.manylinux2014_x86_64.whl", hash = "sha256:35d0af53db6961c65d655248399cec893071eb5ae2cf06e6571f2fbea038a6d1"},
    {file = "marisa_trie-0.8.0-cp36-cp36m-manylinux_2_5_i686.manylinux1_i686.manylinux_2_17_i686.manylinux2014_i686.whl", hash = "sha256:f80589720dac6a9191a9025c3ecbf271445d0f5c2b78ba881573f0e9ebf48003"},
    {file = "marisa_trie-0.8.0-cp36-cp36m-musllinux_1_1_i686.whl", hash = "sha256:b804e25a36823a806ae3072214acea389bfa46cd46dc176450fb073f5f2c688b"},
    {file = "marisa_trie-0.8.0-cp36-cp36m-musllinux_1_1_x86_64.whl", hash = "sha256:f25db06c59b66cef1b6d777438096b43acfc463ed9741318f7befd98a22801cd"},
    {file = "marisa_trie-0.8.0-cp36-cp36m-win32.whl", hash = "sha256:b11adc952efb0ba3d23f3cb98aec58b369f308f48de12f7bb207ca288e304c1d"},
    {file = "marisa_trie-0.8.0-cp36-cp36m-win_amd64.whl", hash = "sha256:ef9c087471141a6f10f903355e7b0fa6d98e097c02453241d9949892b47e5cac"},
    {file = "marisa_trie-0.8.0-cp37-cp37m-macosx_10_9_x86_64.whl", hash = "sha256:e6486c924a6e2bb58d2b6320932ae7d3b59b54e39b40b16fb41875c20eeb13fe"},
    {file = "marisa_trie-0.8.0-cp37-cp37m-manylinux_2_17_x86_64.manylinux2014_x86_64.whl", hash = "sha256:77537883f3b73a4d8e3c2d3af04360516af7c4b96271de5d45532eb86fef9356"},
    {file = "marisa_trie-0.8.0-cp37-cp37m-manylinux_2_5_i686.manylinux1_i686.manylinux_2_17_i686.manylinux2014_i686.whl", hash = "sha256:bb91907fb1c5450819f9e844a1a5f1f81e27fc502e41ba7836842f4b56d04e04"},
    {file = "marisa_trie-0.8.0-cp37-cp37m-musllinux_1_1_i686.whl", hash = "sha256:6c13fbd44c9e40eaa380845a9baa64a1fd123bc0de8cbd6e13e8fc11675c3f79"},
    {file = "marisa_trie-0.8.0-cp37-cp37m-musllinux_1_1_x86_64.whl", hash = "sha256:f15bde9dc8e1dc7168f696fc49ab3e02c9aa16dde1d9798edf4a942fab1a3009"},
    {file = "marisa_trie-0.8.0-cp37-cp37m-win32.whl", hash = "sha256:e7e7ca4338075275a0bd34f99a979dfbdafab4aefe212a9d1e6c3790e56d7c0a"},
    {file = "marisa_trie-0.8.0-cp37-cp37m-win_amd64.whl", hash = "sha256:93af5a92405be7f56a226ba6169e32e56c31f6ea58270fa7156ae99adc314ae8"},
    {file = "marisa_trie-0.8.0-cp38-cp38-macosx_10_9_universal2.whl", hash = "sha256:cb5efa71bba63edbe5207394eb1652cf5b51018a40fd327614246078f5dec48a"},
    {file = "marisa_trie-0.8.0-cp38-cp38-macosx_10_9_x86_64.whl", hash = "sha256:1b704487470c9e1f08e31572633e11d25ada0628ec3ebfd28b110aeb62cc2233"},
    {file = "marisa_trie-0.8.0-cp38-cp38-macosx_11_0_arm64.whl", hash = "sha256:14536de51294752ef490a470240b83677486a42eb5e3bc97d0bfca4c20b2babb"},
    {file = "marisa_trie-0.8.0-cp38-cp38-manylinux_2_17_x86_64.manylinux2014_x86_64.whl", hash = "sha256:1a5a51f7d4d8b4e603d5fed992a1e8ab5212291bb20d25d0020b90cb4562da53"},
    {file = "marisa_trie-0.8.0-cp38-cp38-manylinux_2_5_i686.manylinux1_i686.manylinux_2_17_i686.manylinux2014_i686.whl", hash = "sha256:f157abd020dfbdd32ab3aa7bda3a6f65b3007f2e3f793313bebd0d6114a39647"},
    {file = "marisa_trie-0.8.0-cp38-cp38-musllinux_1_1_i686.whl", hash = "sha256:990929e8ba36b650d95d600113896b57525b33000a13dc2be06018abb005b47e"},
    {file = "marisa_trie-0.8.0-cp38-cp38-musllinux_1_1_x86_64.whl", hash = "sha256:936878a6c14551c83d17fac6cc7c8fa0a41745f96dd75d3fbc0a90859bbbb2f6"},
    {file = "marisa_trie-0.8.0-cp38-cp38-win32.whl", hash = "sha256:0e00da36b5297f644e65764252496f3b3aa7f95a7cb53e19ee2354054b759dbb"},
    {file = "marisa_trie-0.8.0-cp38-cp38-win_amd64.whl", hash = "sha256:96aef02119b70f37c59a289cb0f7293547780dfe60ba302140f6083518cec9b9"},
    {file = "marisa_trie-0.8.0-cp39-cp39-macosx_10_9_universal2.whl", hash = "sha256:d4dbb091121e3bd48d8353c8a7885332907a5526286829c7db948da665fafcf9"},
    {file = "marisa_trie-0.8.0-cp39-cp39-macosx_10_9_x86_64.whl", hash = "sha256:571ead866d0b9a70eb016a0b0b5a8c9ec357a92447b63fdd30a497cea4a1945a"},
    {file = "marisa_trie-0.8.0-cp39-cp39-macosx_11_0_arm64.whl", hash = "sha256:9f8d25da9a93ebab0d72eaecf8683fe916e08b8029979d3c3fd9aca60da426a8"},
    {file = "marisa_trie-0.8.0-cp39-cp39-manylinux_2_17_x86_64.manylinux2014_x86_64.whl", hash = "sha256:87f2158bd88539a1ce99246aff4a544e0bf244637ff6d5e780befc7fb97c6e29"},
    {file = "marisa_trie-0.8.0-cp39-cp39-manylinux_2_5_i686.manylinux1_i686.manylinux_2_17_i686.manylinux2014_i686.whl", hash = "sha256:6cf376b51d7a199450d075883d516dc4d134aec6f62ae3afdf224c4c10131464"},
    {file = "marisa_trie-0.8.0-cp39-cp39-musllinux_1_1_i686.whl", hash = "sha256:e54ae0a9e7c4623252e3e4bede110a250ad017dc491303e9aa00e10c7a7c14cc"},
    {file = "marisa_trie-0.8.0-cp39-cp39-musllinux_1_1_x86_64.whl", hash = "sha256:d434f4ebd69061f975b7d4f0af9951fccd9c91997bef4e7e9c77720e26f93f56"},
    {file = "marisa_trie-0.8.0-cp39-cp39-win32.whl", hash = "sha256:b9db0b0a659d80b2c2b19601984c093dafa484698311d96a2da34b4cbe887ec1"},
    {file = "marisa_trie-0.8.0-cp39-cp39-win_amd64.whl", hash = "sha256:852d062c863ddc0795196bd30ebb9945b462febc782f12e3316429a58182bfe3"},
    {file = "marisa_trie-0.8.0-pp37-pypy37_pp73-macosx_10_9_x86_64.whl", hash = "sha256:aa63bcf05c3f4dfc0312b3c0c0ea84aed47d59ef4d99b3eeaa718ff938a75cbd"},
    {file = "marisa_trie-0.8.0-pp37-pypy37_pp73-manylinux_2_17_x86_64.manylinux2014_x86_64.whl", hash = "sha256:a708cbae3b502fdcb39cc25f2e5079026de1a4814c234c34d13e216967951b28"},
    {file = "marisa_trie-0.8.0-pp37-pypy37_pp73-manylinux_2_5_i686.manylinux1_i686.manylinux_2_17_i686.manylinux2014_i686.whl", hash = "sha256:3fb5fa90aa5fdffa6b9f1ea33d54d683682b53277642cef27bbc2e9ecc9a1c9f"},
    {file = "marisa_trie-0.8.0-pp37-pypy37_pp73-win_amd64.whl", hash = "sha256:e6db758035d119172dd9f6315c8038124d2c15e96bd1698b999cd2d5f020b7ce"},
    {file = "marisa_trie-0.8.0-pp38-pypy38_pp73-macosx_10_9_x86_64.whl", hash = "sha256:9fc453083768b666098f200ad2761d0b17b79c8de2d405748db342cb0529408d"},
    {file = "marisa_trie-0.8.0-pp38-pypy38_pp73-manylinux_2_17_x86_64.manylinux2014_x86_64.whl", hash = "sha256:3421c117b66275b91f6fa07f732a788cce0e2bfa00d312d83516b0155cf72462"},
    {file = "marisa_trie-0.8.0-pp38-pypy38_pp73-manylinux_2_5_i686.manylinux1_i686.manylinux_2_17_i686.manylinux2014_i686.whl", hash = "sha256:eae0ce778d781c952e6c954b62719fde3251560232151c322d7f06b129d0a7fd"},
    {file = "marisa_trie-0.8.0-pp38-pypy38_pp73-win_amd64.whl", hash = "sha256:3bb9fbf2d10696fc4706984ebbd1bbb09724ab9f16758ec4ce344bbf50326302"},
    {file = "marisa_trie-0.8.0-pp39-pypy39_pp73-macosx_10_9_x86_64.whl", hash = "sha256:4dfea1c84d8862368b7bda2480b28f0bb465dae7efd9a7ca94b2dfce62648028"},
    {file = "marisa_trie-0.8.0-pp39-pypy39_pp73-manylinux_2_17_x86_64.manylinux2014_x86_64.whl", hash = "sha256:2ad8eb6f48167291eb81b95f25f80b9ea02d168951e4df17499fc3c34e9c3f36"},
    {file = "marisa_trie-0.8.0-pp39-pypy39_pp73-manylinux_2_5_i686.manylinux1_i686.manylinux_2_17_i686.manylinux2014_i686.whl", hash = "sha256:cd14bb68d35c1aeb9923bc38040597883f11e79418a7ddeee6c3a54a53f5476d"},
    {file = "marisa_trie-0.8.0-pp39-pypy39_pp73-win_amd64.whl", hash = "sha256:615a33ed4f28d6734a71d9fbae836420cfd2e64d5e0d948f00fb7d4c5fe1aed0"},
]

[package.dependencies]
setuptools = "*"

[package.extras]
test = ["hypothesis", "pytest", "readme-renderer"]

[[package]]
name = "packaging"
version = "23.1"
description = "Core utilities for Python packages"
category = "dev"
optional = false
python-versions = ">=3.7"
files = [
    {file = "packaging-23.1-py3-none-any.whl", hash = "sha256:994793af429502c4ea2ebf6bf664629d07c1a9fe974af92966e4b8d2df7edc61"},
    {file = "packaging-23.1.tar.gz", hash = "sha256:a392980d2b6cffa644431898be54b0045151319d1e7ec34f0cfed48767dd334f"},
]

[[package]]
name = "pluggy"
version = "1.0.0"
description = "plugin and hook calling mechanisms for python"
category = "dev"
optional = false
python-versions = ">=3.6"
files = [
    {file = "pluggy-1.0.0-py2.py3-none-any.whl", hash = "sha256:74134bbf457f031a36d68416e1509f34bd5ccc019f0bcc952c7b909d06b37bd3"},
    {file = "pluggy-1.0.0.tar.gz", hash = "sha256:4224373bacce55f955a878bf9cfa763c1e360858e330072059e10bad68531159"},
]

[package.extras]
dev = ["pre-commit", "tox"]
testing = ["pytest", "pytest-benchmark"]

[[package]]
name = "pycodestyle"
version = "2.10.0"
description = "Python style guide checker"
category = "dev"
optional = false
python-versions = ">=3.6"
files = [
    {file = "pycodestyle-2.10.0-py2.py3-none-any.whl", hash = "sha256:8a4eaf0d0495c7395bdab3589ac2db602797d76207242c17d470186815706610"},
    {file = "pycodestyle-2.10.0.tar.gz", hash = "sha256:347187bdb476329d98f695c213d7295a846d1152ff4fe9bacb8a9590b8ee7053"},
]

[[package]]
name = "pytest"
version = "7.3.1"
description = "pytest: simple powerful testing with Python"
category = "dev"
optional = false
python-versions = ">=3.7"
files = [
    {file = "pytest-7.3.1-py3-none-any.whl", hash = "sha256:3799fa815351fea3a5e96ac7e503a96fa51cc9942c3753cda7651b93c1cfa362"},
    {file = "pytest-7.3.1.tar.gz", hash = "sha256:434afafd78b1d78ed0addf160ad2b77a30d35d4bdf8af234fe621919d9ed15e3"},
]

[package.dependencies]
colorama = {version = "*", markers = "sys_platform == \"win32\""}
iniconfig = "*"
packaging = "*"
pluggy = ">=0.12,<2.0"

[package.extras]
testing = ["argcomplete", "attrs (>=19.2.0)", "hypothesis (>=3.56)", "mock", "nose", "pygments (>=2.7.2)", "requests", "xmlschema"]

[[package]]
name = "ruff"
version = "0.0.267"
description = "An extremely fast Python linter, written in Rust."
category = "dev"
optional = false
python-versions = ">=3.7"
files = [
    {file = "ruff-0.0.267-py3-none-macosx_10_7_x86_64.whl", hash = "sha256:4adbbbe314d8fcc539a245065bad89446a3cef2e0c9cf70bf7bb9ed6fe31856d"},
    {file = "ruff-0.0.267-py3-none-macosx_10_9_x86_64.macosx_11_0_arm64.macosx_10_9_universal2.whl", hash = "sha256:67254ae34c38cba109fdc52e4a70887de1f850fb3971e5eeef343db67305d1c1"},
    {file = "ruff-0.0.267-py3-none-manylinux_2_17_aarch64.manylinux2014_aarch64.whl", hash = "sha256:bbe104f21a429b77eb5ac276bd5352fd8c0e1fbb580b4c772f77ee8c76825654"},
    {file = "ruff-0.0.267-py3-none-manylinux_2_17_armv7l.manylinux2014_armv7l.whl", hash = "sha256:db33deef2a5e1cf528ca51cc59dd764122a48a19a6c776283b223d147041153f"},
    {file = "ruff-0.0.267-py3-none-manylinux_2_17_i686.manylinux2014_i686.whl", hash = "sha256:9adf1307fa9d840d1acaa477eb04f9702032a483214c409fca9dc46f5f157fe3"},
    {file = "ruff-0.0.267-py3-none-manylinux_2_17_ppc64.manylinux2014_ppc64.whl", hash = "sha256:0afca3633c8e2b6c0a48ad0061180b641b3b404d68d7e6736aab301c8024c424"},
    {file = "ruff-0.0.267-py3-none-manylinux_2_17_ppc64le.manylinux2014_ppc64le.whl", hash = "sha256:2972241065b1c911bce3db808837ed10f4f6f8a8e15520a4242d291083605ab6"},
    {file = "ruff-0.0.267-py3-none-manylinux_2_17_s390x.manylinux2014_s390x.whl", hash = "sha256:f731d81cb939e757b0335b0090f18ca2e9ff8bcc8e6a1cf909245958949b6e11"},
    {file = "ruff-0.0.267-py3-none-manylinux_2_17_x86_64.manylinux2014_x86_64.whl", hash = "sha256:20c594eb56c19063ef5a57f89340e64c6550e169d6a29408a45130a8c3068adc"},
    {file = "ruff-0.0.267-py3-none-musllinux_1_2_aarch64.whl", hash = "sha256:45d61a2b01bdf61581a2ee039503a08aa603dc74a6bbe6fb5d1ce3052f5370e5"},
    {file = "ruff-0.0.267-py3-none-musllinux_1_2_armv7l.whl", hash = "sha256:2107cec3699ca4d7bd41543dc1d475c97ae3a21ea9212238b5c2088fa8ee7722"},
    {file = "ruff-0.0.267-py3-none-musllinux_1_2_i686.whl", hash = "sha256:786de30723c71fc46b80a173c3313fc0dbe73c96bd9da8dd1212cbc2f84cdfb2"},
    {file = "ruff-0.0.267-py3-none-musllinux_1_2_x86_64.whl", hash = "sha256:5a898953949e37c109dd242cfcf9841e065319995ebb7cdfd213b446094a942f"},
    {file = "ruff-0.0.267-py3-none-win32.whl", hash = "sha256:d12ab329474c46b96d962e2bdb92e3ad2144981fe41b89c7770f370646c0101f"},
    {file = "ruff-0.0.267-py3-none-win_amd64.whl", hash = "sha256:d09aecc9f5845586ba90911d815f9772c5a6dcf2e34be58c6017ecb124534ac4"},
    {file = "ruff-0.0.267-py3-none-win_arm64.whl", hash = "sha256:7df7eb5f8d791566ba97cc0b144981b9c080a5b861abaf4bb35a26c8a77b83e9"},
    {file = "ruff-0.0.267.tar.gz", hash = "sha256:632cec7bbaf3c06fcf0a72a1dd029b7d8b7f424ba95a574aaa135f5d20a00af7"},
]

[[package]]
name = "setuptools"
version = "67.8.0"
description = "Easily download, build, install, upgrade, and uninstall Python packages"
category = "main"
optional = false
python-versions = ">=3.7"
files = [
    {file = "setuptools-67.8.0-py3-none-any.whl", hash = "sha256:5df61bf30bb10c6f756eb19e7c9f3b473051f48db77fddbe06ff2ca307df9a6f"},
    {file = "setuptools-67.8.0.tar.gz", hash = "sha256:62642358adc77ffa87233bc4d2354c4b2682d214048f500964dbe760ccedf102"},
]

[package.extras]
docs = ["furo", "jaraco.packaging (>=9)", "jaraco.tidelift (>=1.4)", "pygments-github-lexers (==0.0.5)", "rst.linker (>=1.9)", "sphinx (>=3.5)", "sphinx-favicon", "sphinx-hoverxref (<2)", "sphinx-inline-tabs", "sphinx-lint", "sphinx-notfound-page (==0.8.3)", "sphinx-reredirects", "sphinxcontrib-towncrier"]
testing = ["build[virtualenv]", "filelock (>=3.4.0)", "flake8-2020", "ini2toml[lite] (>=0.9)", "jaraco.envs (>=2.2)", "jaraco.path (>=3.2.0)", "pip (>=19.1)", "pip-run (>=8.8)", "pytest (>=6)", "pytest-black (>=0.3.7)", "pytest-checkdocs (>=2.4)", "pytest-cov", "pytest-enabler (>=1.3)", "pytest-mypy (>=0.9.1)", "pytest-perf", "pytest-ruff", "pytest-timeout", "pytest-xdist", "tomli-w (>=1.0.0)", "virtualenv (>=13.0.0)", "wheel"]
testing-integration = ["build[virtualenv]", "filelock (>=3.4.0)", "jaraco.envs (>=2.2)", "jaraco.path (>=3.2.0)", "pytest", "pytest-enabler", "pytest-xdist", "tomli", "virtualenv (>=13.0.0)", "wheel"]

[metadata]
lock-version = "2.0"
python-versions = "^3.11"
content-hash = "b8aa51eaa8e22cd256105a04f66c5818c422fea0c74fbecb1eca659a8185cc80"
